
Microsoft Visual Studio Solution File, Format Version 12.00
Project("{FAE04EC0-301F-11D3-BF4B-00C04F79EFBC}") = "Lex_Analyzer.Api", "Lex_Analyzer.Api\Lex_Analyzer.Api.csproj", "{603016BE-6E16-4461-86E6-F133B05C5CEB}"
EndProject
Project("{FAE04EC0-301F-11D3-BF4B-00C04F79EFBC}") = "Lex_Analyzer.Common", "Lex_Analyzer.Common\Lex_Analyzer.Common.csproj", "{C02A7B6B-CA2F-42FB-A0FC-0B6FF4591757}"
EndProject
Project("{FAE04EC0-301F-11D3-BF4B-00C04F79EFBC}") = "Lex_Analyzer.Core", "Lex_Analyzer.Core\Lex_Analyzer.Core.csproj", "{5DAC7DD1-0492-4047-A4A2-ADD2E6E08CD7}"
EndProject
Global
	GlobalSection(SolutionConfigurationPlatforms) = preSolution
		Debug|Any CPU = Debug|Any CPU
		Release|Any CPU = Release|Any CPU
	EndGlobalSection
	GlobalSection(ProjectConfigurationPlatforms) = postSolution
		{603016BE-6E16-4461-86E6-F133B05C5CEB}.Debug|Any CPU.ActiveCfg = Debug|Any CPU
		{603016BE-6E16-4461-86E6-F133B05C5CEB}.Debug|Any CPU.Build.0 = Debug|Any CPU
		{603016BE-6E16-4461-86E6-F133B05C5CEB}.Release|Any CPU.ActiveCfg = Release|Any CPU
		{603016BE-6E16-4461-86E6-F133B05C5CEB}.Release|Any CPU.Build.0 = Release|Any CPU
		{C02A7B6B-CA2F-42FB-A0FC-0B6FF4591757}.Debug|Any CPU.ActiveCfg = Debug|Any CPU
		{C02A7B6B-CA2F-42FB-A0FC-0B6FF4591757}.Debug|Any CPU.Build.0 = Debug|Any CPU
		{C02A7B6B-CA2F-42FB-A0FC-0B6FF4591757}.Release|Any CPU.ActiveCfg = Release|Any CPU
		{C02A7B6B-CA2F-42FB-A0FC-0B6FF4591757}.Release|Any CPU.Build.0 = Release|Any CPU
		{5DAC7DD1-0492-4047-A4A2-ADD2E6E08CD7}.Debug|Any CPU.ActiveCfg = Debug|Any CPU
		{5DAC7DD1-0492-4047-A4A2-ADD2E6E08CD7}.Debug|Any CPU.Build.0 = Debug|Any CPU
		{5DAC7DD1-0492-4047-A4A2-ADD2E6E08CD7}.Release|Any CPU.ActiveCfg = Release|Any CPU
		{5DAC7DD1-0492-4047-A4A2-ADD2E6E08CD7}.Release|Any CPU.Build.0 = Release|Any CPU
	EndGlobalSection
EndGlobal
